
Microsoft Visual Studio Solution File, Format Version 12.00
# Visual Studio 15
VisualStudioVersion = 15.0.27004.2002
MinimumVisualStudioVersion = 10.0.40219.1
Project("{FAE04EC0-301F-11D3-BF4B-00C04F79EFBC}") = "eCademy.Xamarin-Layout", "eCademy.Xamarin-Layout\eCademy.Xamarin-Layout.csproj", "{524B9DD4-2205-4069-87E8-5074F4A0CF20}"
EndProject
Global
	GlobalSection(SolutionConfigurationPlatforms) = preSolution
		Debug|Any CPU = Debug|Any CPU
		Release|Any CPU = Release|Any CPU
	EndGlobalSection
	GlobalSection(ProjectConfigurationPlatforms) = postSolution
		{524B9DD4-2205-4069-87E8-5074F4A0CF20}.Debug|Any CPU.ActiveCfg = Debug|Any CPU
		{524B9DD4-2205-4069-87E8-5074F4A0CF20}.Debug|Any CPU.Build.0 = Debug|Any CPU
		{524B9DD4-2205-4069-87E8-5074F4A0CF20}.Debug|Any CPU.Deploy.0 = Debug|Any CPU
		{524B9DD4-2205-4069-87E8-5074F4A0CF20}.Release|Any CPU.ActiveCfg = Release|Any CPU
		{524B9DD4-2205-4069-87E8-5074F4A0CF20}.Release|Any CPU.Build.0 = Release|Any CPU
		{524B9DD4-2205-4069-87E8-5074F4A0CF20}.Release|Any CPU.Deploy.0 = Release|Any CPU
	EndGlobalSection
	GlobalSection(SolutionProperties) = preSolution
		HideSolutionNode = FALSE
	EndGlobalSection
	GlobalSection(ExtensibilityGlobals) = postSolution
		SolutionGuid = {220DC3C5-5B31-49FF-8FE2-4A122E4C7E42}
	EndGlobalSection
EndGlobal
